// !$*UTF8*$!
{
	archiveVersion = 1;
	classes = {
	};
	objectVersion = 50;
	objects = {

/* Begin PBXBuildFile section */
		F1B207A920B57E1F004343A0 /* AppDelegate.swift in Sources */ = {isa = PBXBuildFile; fileRef = F1B207A820B57E1F004343A0 /* AppDelegate.swift */; };
		F1B207AB20B57E1F004343A0 /* ViewController.swift in Sources */ = {isa = PBXBuildFile; fileRef = F1B207AA20B57E1F004343A0 /* ViewController.swift */; };
		F1B207AE20B57E1F004343A0 /* Main.storyboard in Resources */ = {isa = PBXBuildFile; fileRef = F1B207AC20B57E1F004343A0 /* Main.storyboard */; };
		F1B207B020B57E21004343A0 /* Assets.xcassets in Resources */ = {isa = PBXBuildFile; fileRef = F1B207AF20B57E21004343A0 /* Assets.xcassets */; };
		F1B207B320B57E21004343A0 /* LaunchScreen.storyboard in Resources */ = {isa = PBXBuildFile; fileRef = F1B207B120B57E21004343A0 /* LaunchScreen.storyboard */; };
		F1B207BE20B57E21004343A0 /* YNABTests.swift in Sources */ = {isa = PBXBuildFile; fileRef = F1B207BD20B57E21004343A0 /* YNABTests.swift */; };
		F1B207C920B57E21004343A0 /* YNABUITests.swift in Sources */ = {isa = PBXBuildFile; fileRef = F1B207C820B57E21004343A0 /* YNABUITests.swift */; };
/* End PBXBuildFile section */

/* Begin PBXContainerItemProxy section */
		F1B207BA20B57E21004343A0 /* PBXContainerItemProxy */ = {
			isa = PBXContainerItemProxy;
			containerPortal = F1B2079D20B57E1E004343A0 /* Project object */;
			proxyType = 1;
			remoteGlobalIDString = F1B207A420B57E1E004343A0;
			remoteInfo = YNAB;
		};
		F1B207C520B57E21004343A0 /* PBXContainerItemProxy */ = {
			isa = PBXContainerItemProxy;
			containerPortal = F1B2079D20B57E1E004343A0 /* Project object */;
			proxyType = 1;
			remoteGlobalIDString = F1B207A420B57E1E004343A0;
			remoteInfo = YNAB;
		};
/* End PBXContainerItemProxy section */

/* Begin PBXFileReference section */
		F1B207A520B57E1F004343A0 /* YNAB.app */ = {isa = PBXFileReference; explicitFileType = wrapper.application; includeInIndex = 0; path = YNAB.app; sourceTree = BUILT_PRODUCTS_DIR; };
		F1B207A820B57E1F004343A0 /* AppDelegate.swift */ = {isa = PBXFileReference; lastKnownFileType = sourcecode.swift; path = AppDelegate.swift; sourceTree = "<group>"; };
		F1B207AA20B57E1F004343A0 /* ViewController.swift */ = {isa = PBXFileReference; lastKnownFileType = sourcecode.swift; path = ViewController.swift; sourceTree = "<group>"; };
		F1B207AD20B57E1F004343A0 /* Base */ = {isa = PBXFileReference; lastKnownFileType = file.storyboard; name = Base; path = Base.lproj/Main.storyboard; sourceTree = "<group>"; };
		F1B207AF20B57E21004343A0 /* Assets.xcassets */ = {isa = PBXFileReference; lastKnownFileType = folder.assetcatalog; path = Assets.xcassets; sourceTree = "<group>"; };
		F1B207B220B57E21004343A0 /* Base */ = {isa = PBXFileReference; lastKnownFileType = file.storyboard; name = Base; path = Base.lproj/LaunchScreen.storyboard; sourceTree = "<group>"; };
		F1B207B420B57E21004343A0 /* Info.plist */ = {isa = PBXFileReference; lastKnownFileType = text.plist.xml; path = Info.plist; sourceTree = "<group>"; };
		F1B207B920B57E21004343A0 /* YNABTests.xctest */ = {isa = PBXFileReference; explicitFileType = wrapper.cfbundle; includeInIndex = 0; path = YNABTests.xctest; sourceTree = BUILT_PRODUCTS_DIR; };
		F1B207BD20B57E21004343A0 /* YNABTests.swift */ = {isa = PBXFileReference; lastKnownFileType = sourcecode.swift; path = YNABTests.swift; sourceTree = "<group>"; };
		F1B207BF20B57E21004343A0 /* Info.plist */ = {isa = PBXFileReference; lastKnownFileType = text.plist.xml; path = Info.plist; sourceTree = "<group>"; };
		F1B207C420B57E21004343A0 /* YNABUITests.xctest */ = {isa = PBXFileReference; explicitFileType = wrapper.cfbundle; includeInIndex = 0; path = YNABUITests.xctest; sourceTree = BUILT_PRODUCTS_DIR; };
		F1B207C820B57E21004343A0 /* YNABUITests.swift */ = {isa = PBXFileReference; lastKnownFileType = sourcecode.swift; path = YNABUITests.swift; sourceTree = "<group>"; };
		F1B207CA20B57E21004343A0 /* Info.plist */ = {isa = PBXFileReference; lastKnownFileType = text.plist.xml; path = Info.plist; sourceTree = "<group>"; };
/* End PBXFileReference section */

/* Begin PBXFrameworksBuildPhase section */
		F1B207A220B57E1E004343A0 /* Frameworks */ = {
			isa = PBXFrameworksBuildPhase;
			buildActionMask = 2147483647;
			files = (
			);
			runOnlyForDeploymentPostprocessing = 0;
		};
		F1B207B620B57E21004343A0 /* Frameworks */ = {
			isa = PBXFrameworksBuildPhase;
			buildActionMask = 2147483647;
			files = (
			);
			runOnlyForDeploymentPostprocessing = 0;
		};
		F1B207C120B57E21004343A0 /* Frameworks */ = {
			isa = PBXFrameworksBuildPhase;
			buildActionMask = 2147483647;
			files = (
			);
			runOnlyForDeploymentPostprocessing = 0;
		};
/* End PBXFrameworksBuildPhase section */

/* Begin PBXGroup section */
		F1B2079C20B57E1E004343A0 = {
			isa = PBXGroup;
			children = (
				F1B207A720B57E1F004343A0 /* YNAB */,
				F1B207BC20B57E21004343A0 /* YNABTests */,
				F1B207C720B57E21004343A0 /* YNABUITests */,
				F1B207A620B57E1F004343A0 /* Products */,
			);
			sourceTree = "<group>";
		};
		F1B207A620B57E1F004343A0 /* Products */ = {
			isa = PBXGroup;
			children = (
				F1B207A520B57E1F004343A0 /* YNAB.app */,
				F1B207B920B57E21004343A0 /* YNABTests.xctest */,
				F1B207C420B57E21004343A0 /* YNABUITests.xctest */,
			);
			name = Products;
			sourceTree = "<group>";
		};
		F1B207A720B57E1F004343A0 /* YNAB */ = {
			isa = PBXGroup;
			children = (
				F1B207A820B57E1F004343A0 /* AppDelegate.swift */,
				F1B207AA20B57E1F004343A0 /* ViewController.swift */,
				F1B207AC20B57E1F004343A0 /* Main.storyboard */,
				F1B207AF20B57E21004343A0 /* Assets.xcassets */,
				F1B207B120B57E21004343A0 /* LaunchScreen.storyboard */,
				F1B207B420B57E21004343A0 /* Info.plist */,
			);
			path = YNAB;
			sourceTree = "<group>";
		};
		F1B207BC20B57E21004343A0 /* YNABTests */ = {
			isa = PBXGroup;
			children = (
				F1B207BD20B57E21004343A0 /* YNABTests.swift */,
				F1B207BF20B57E21004343A0 /* Info.plist */,
			);
			path = YNABTests;
			sourceTree = "<group>";
		};
		F1B207C720B57E21004343A0 /* YNABUITests */ = {
			isa = PBXGroup;
			children = (
				F1B207C820B57E21004343A0 /* YNABUITests.swift */,
				F1B207CA20B57E21004343A0 /* Info.plist */,
			);
			path = YNABUITests;
			sourceTree = "<group>";
		};
/* End PBXGroup section */

/* Begin PBXNativeTarget section */
		F1B207A420B57E1E004343A0 /* YNAB */ = {
			isa = PBXNativeTarget;
			buildConfigurationList = F1B207CD20B57E21004343A0 /* Build configuration list for PBXNativeTarget "YNAB" */;
			buildPhases = (
				F1B207A120B57E1E004343A0 /* Sources */,
				F1B207A220B57E1E004343A0 /* Frameworks */,
				F1B207A320B57E1E004343A0 /* Resources */,
			);
			buildRules = (
			);
			dependencies = (
			);
			name = YNAB;
			productName = YNAB;
			productReference = F1B207A520B57E1F004343A0 /* YNAB.app */;
			productType = "com.apple.product-type.application";
		};
		F1B207B820B57E21004343A0 /* YNABTests */ = {
			isa = PBXNativeTarget;
			buildConfigurationList = F1B207D020B57E21004343A0 /* Build configuration list for PBXNativeTarget "YNABTests" */;
			buildPhases = (
				F1B207B520B57E21004343A0 /* Sources */,
				F1B207B620B57E21004343A0 /* Frameworks */,
				F1B207B720B57E21004343A0 /* Resources */,
			);
			buildRules = (
			);
			dependencies = (
				F1B207BB20B57E21004343A0 /* PBXTargetDependency */,
			);
			name = YNABTests;
			productName = YNABTests;
			productReference = F1B207B920B57E21004343A0 /* YNABTests.xctest */;
			productType = "com.apple.product-type.bundle.unit-test";
		};
		F1B207C320B57E21004343A0 /* YNABUITests */ = {
			isa = PBXNativeTarget;
			buildConfigurationList = F1B207D320B57E21004343A0 /* Build configuration list for PBXNativeTarget "YNABUITests" */;
			buildPhases = (
				F1B207C020B57E21004343A0 /* Sources */,
				F1B207C120B57E21004343A0 /* Frameworks */,
				F1B207C220B57E21004343A0 /* Resources */,
			);
			buildRules = (
			);
			dependencies = (
				F1B207C620B57E21004343A0 /* PBXTargetDependency */,
			);
			name = YNABUITests;
			productName = YNABUITests;
			productReference = F1B207C420B57E21004343A0 /* YNABUITests.xctest */;
			productType = "com.apple.product-type.bundle.ui-testing";
		};
/* End PBXNativeTarget section */

/* Begin PBXProject section */
		F1B2079D20B57E1E004343A0 /* Project object */ = {
			isa = PBXProject;
			attributes = {
				LastSwiftUpdateCheck = 0930;
				LastUpgradeCheck = 0930;
				ORGANIZATIONNAME = "Adam Bowles";
				TargetAttributes = {
					F1B207A420B57E1E004343A0 = {
						CreatedOnToolsVersion = 9.3.1;
					};
					F1B207B820B57E21004343A0 = {
						CreatedOnToolsVersion = 9.3.1;
						TestTargetID = F1B207A420B57E1E004343A0;
					};
					F1B207C320B57E21004343A0 = {
						CreatedOnToolsVersion = 9.3.1;
						TestTargetID = F1B207A420B57E1E004343A0;
					};
				};
			};
			buildConfigurationList = F1B207A020B57E1E004343A0 /* Build configuration list for PBXProject "YNAB" */;
			compatibilityVersion = "Xcode 9.3";
			developmentRegion = en;
			hasScannedForEncodings = 0;
			knownRegions = (
				en,
				Base,
			);
			mainGroup = F1B2079C20B57E1E004343A0;
			productRefGroup = F1B207A620B57E1F004343A0 /* Products */;
			projectDirPath = "";
			projectRoot = "";
			targets = (
				F1B207A420B57E1E004343A0 /* YNAB */,
				F1B207B820B57E21004343A0 /* YNABTests */,
				F1B207C320B57E21004343A0 /* YNABUITests */,
			);
		};
/* End PBXProject section */

/* Begin PBXResourcesBuildPhase section */
		F1B207A320B57E1E004343A0 /* Resources */ = {
			isa = PBXResourcesBuildPhase;
			buildActionMask = 2147483647;
			files = (
				F1B207B320B57E21004343A0 /* LaunchScreen.storyboard in Resources */,
				F1B207B020B57E21004343A0 /* Assets.xcassets in Resources */,
				F1B207AE20B57E1F004343A0 /* Main.storyboard in Resources */,
			);
			runOnlyForDeploymentPostprocessing = 0;
		};
		F1B207B720B57E21004343A0 /* Resources */ = {
			isa = PBXResourcesBuildPhase;
			buildActionMask = 2147483647;
			files = (
			);
			runOnlyForDeploymentPostprocessing = 0;
		};
		F1B207C220B57E21004343A0 /* Resources */ = {
			isa = PBXResourcesBuildPhase;
			buildActionMask = 2147483647;
			files = (
			);
			runOnlyForDeploymentPostprocessing = 0;
		};
/* End PBXResourcesBuildPhase section */

/* Begin PBXSourcesBuildPhase section */
		F1B207A120B57E1E004343A0 /* Sources */ = {
			isa = PBXSourcesBuildPhase;
			buildActionMask = 2147483647;
			files = (
				F1B207AB20B57E1F004343A0 /* ViewController.swift in Sources */,
				F1B207A920B57E1F004343A0 /* AppDelegate.swift in Sources */,
			);
			runOnlyForDeploymentPostprocessing = 0;
		};
		F1B207B520B57E21004343A0 /* Sources */ = {
			isa = PBXSourcesBuildPhase;
			buildActionMask = 2147483647;
			files = (
				F1B207BE20B57E21004343A0 /* YNABTests.swift in Sources */,
			);
			runOnlyForDeploymentPostprocessing = 0;
		};
		F1B207C020B57E21004343A0 /* Sources */ = {
			isa = PBXSourcesBuildPhase;
			buildActionMask = 2147483647;
			files = (
				F1B207C920B57E21004343A0 /* YNABUITests.swift in Sources */,
			);
			runOnlyForDeploymentPostprocessing = 0;
		};
/* End PBXSourcesBuildPhase section */

/* Begin PBXTargetDependency section */
		F1B207BB20B57E21004343A0 /* PBXTargetDependency */ = {
			isa = PBXTargetDependency;
			target = F1B207A420B57E1E004343A0 /* YNAB */;
			targetProxy = F1B207BA20B57E21004343A0 /* PBXContainerItemProxy */;
		};
		F1B207C620B57E21004343A0 /* PBXTargetDependency */ = {
			isa = PBXTargetDependency;
			target = F1B207A420B57E1E004343A0 /* YNAB */;
			targetProxy = F1B207C520B57E21004343A0 /* PBXContainerItemProxy */;
		};
/* End PBXTargetDependency section */

/* Begin PBXVariantGroup section */
		F1B207AC20B57E1F004343A0 /* Main.storyboard */ = {
			isa = PBXVariantGroup;
			children = (
				F1B207AD20B57E1F004343A0 /* Base */,
			);
			name = Main.storyboard;
			sourceTree = "<group>";
		};
		F1B207B120B57E21004343A0 /* LaunchScreen.storyboard */ = {
			isa = PBXVariantGroup;
			children = (
				F1B207B220B57E21004343A0 /* Base */,
			);
			name = LaunchScreen.storyboard;
			sourceTree = "<group>";
		};
/* End PBXVariantGroup section */

/* Begin XCBuildConfiguration section */
		F1B207CB20B57E21004343A0 /* Debug */ = {
			isa = XCBuildConfiguration;
			buildSettings = {
				ALWAYS_SEARCH_USER_PATHS = NO;
				CLANG_ANALYZER_NONNULL = YES;
				CLANG_ANALYZER_NUMBER_OBJECT_CONVERSION = YES_AGGRESSIVE;
				CLANG_CXX_LANGUAGE_STANDARD = "gnu++14";
				CLANG_CXX_LIBRARY = "libc++";
				CLANG_ENABLE_MODULES = YES;
				CLANG_ENABLE_OBJC_ARC = YES;
				CLANG_ENABLE_OBJC_WEAK = YES;
				CLANG_WARN_BLOCK_CAPTURE_AUTORELEASING = YES;
				CLANG_WARN_BOOL_CONVERSION = YES;
				CLANG_WARN_COMMA = YES;
				CLANG_WARN_CONSTANT_CONVERSION = YES;
				CLANG_WARN_DEPRECATED_OBJC_IMPLEMENTATIONS = YES;
				CLANG_WARN_DIRECT_OBJC_ISA_USAGE = YES_ERROR;
				CLANG_WARN_DOCUMENTATION_COMMENTS = YES;
				CLANG_WARN_EMPTY_BODY = YES;
				CLANG_WARN_ENUM_CONVERSION = YES;
				CLANG_WARN_INFINITE_RECURSION = YES;
				CLANG_WARN_INT_CONVERSION = YES;
				CLANG_WARN_NON_LITERAL_NULL_CONVERSION = YES;
				CLANG_WARN_OBJC_IMPLICIT_RETAIN_SELF = YES;
				CLANG_WARN_OBJC_LITERAL_CONVERSION = YES;
				CLANG_WARN_OBJC_ROOT_CLASS = YES_ERROR;
				CLANG_WARN_RANGE_LOOP_ANALYSIS = YES;
				CLANG_WARN_STRICT_PROTOTYPES = YES;
				CLANG_WARN_SUSPICIOUS_MOVE = YES;
				CLANG_WARN_UNGUARDED_AVAILABILITY = YES_AGGRESSIVE;
				CLANG_WARN_UNREACHABLE_CODE = YES;
				CLANG_WARN__DUPLICATE_METHOD_MATCH = YES;
				CODE_SIGN_IDENTITY = "iPhone Developer";
				COPY_PHASE_STRIP = NO;
				DEBUG_INFORMATION_FORMAT = dwarf;
				ENABLE_STRICT_OBJC_MSGSEND = YES;
				ENABLE_TESTABILITY = YES;
				GCC_C_LANGUAGE_STANDARD = gnu11;
				GCC_DYNAMIC_NO_PIC = NO;
				GCC_NO_COMMON_BLOCKS = YES;
				GCC_OPTIMIZATION_LEVEL = 0;
				GCC_PREPROCESSOR_DEFINITIONS = (
					"DEBUG=1",
					"$(inherited)",
				);
				GCC_WARN_64_TO_32_BIT_CONVERSION = YES;
				GCC_WARN_ABOUT_RETURN_TYPE = YES_ERROR;
				GCC_WARN_UNDECLARED_SELECTOR = YES;
				GCC_WARN_UNINITIALIZED_AUTOS = YES_AGGRESSIVE;
				GCC_WARN_UNUSED_FUNCTION = YES;
				GCC_WARN_UNUSED_VARIABLE = YES;
				IPHONEOS_DEPLOYMENT_TARGET = 11.3;
				MTL_ENABLE_DEBUG_INFO = YES;
				ONLY_ACTIVE_ARCH = YES;
				SDKROOT = iphoneos;
				SWIFT_ACTIVE_COMPILATION_CONDITIONS = DEBUG;
				SWIFT_OPTIMIZATION_LEVEL = "-Onone";
			};
			name = Debug;
		};
		F1B207CC20B57E21004343A0 /* Release */ = {
			isa = XCBuildConfiguration;
			buildSettings = {
				ALWAYS_SEARCH_USER_PATHS = NO;
				CLANG_ANALYZER_NONNULL = YES;
				CLANG_ANALYZER_NUMBER_OBJECT_CONVERSION = YES_AGGRESSIVE;
				CLANG_CXX_LANGUAGE_STANDARD = "gnu++14";
				CLANG_CXX_LIBRARY = "libc++";
				CLANG_ENABLE_MODULES = YES;
				CLANG_ENABLE_OBJC_ARC = YES;
				CLANG_ENABLE_OBJC_WEAK = YES;
				CLANG_WARN_BLOCK_CAPTURE_AUTORELEASING = YES;
				CLANG_WARN_BOOL_CONVERSION = YES;
				CLANG_WARN_COMMA = YES;
				CLANG_WARN_CONSTANT_CONVERSION = YES;
				CLANG_WARN_DEPRECATED_OBJC_IMPLEMENTATIONS = YES;
				CLANG_WARN_DIRECT_OBJC_ISA_USAGE = YES_ERROR;
				CLANG_WARN_DOCUMENTATION_COMMENTS = YES;
				CLANG_WARN_EMPTY_BODY = YES;
				CLANG_WARN_ENUM_CONVERSION = YES;
				CLANG_WARN_INFINITE_RECURSION = YES;
				CLANG_WARN_INT_CONVERSION = YES;
				CLANG_WARN_NON_LITERAL_NULL_CONVERSION = YES;
				CLANG_WARN_OBJC_IMPLICIT_RETAIN_SELF = YES;
				CLANG_WARN_OBJC_LITERAL_CONVERSION = YES;
				CLANG_WARN_OBJC_ROOT_CLASS = YES_ERROR;
				CLANG_WARN_RANGE_LOOP_ANALYSIS = YES;
				CLANG_WARN_STRICT_PROTOTYPES = YES;
				CLANG_WARN_SUSPICIOUS_MOVE = YES;
				CLANG_WARN_UNGUARDED_AVAILABILITY = YES_AGGRESSIVE;
				CLANG_WARN_UNREACHABLE_CODE = YES;
				CLANG_WARN__DUPLICATE_METHOD_MATCH = YES;
				CODE_SIGN_IDENTITY = "iPhone Developer";
				COPY_PHASE_STRIP = NO;
				DEBUG_INFORMATION_FORMAT = "dwarf-with-dsym";
				ENABLE_NS_ASSERTIONS = NO;
				ENABLE_STRICT_OBJC_MSGSEND = YES;
				GCC_C_LANGUAGE_STANDARD = gnu11;
				GCC_NO_COMMON_BLOCKS = YES;
				GCC_WARN_64_TO_32_BIT_CONVERSION = YES;
				GCC_WARN_ABOUT_RETURN_TYPE = YES_ERROR;
				GCC_WARN_UNDECLARED_SELECTOR = YES;
				GCC_WARN_UNINITIALIZED_AUTOS = YES_AGGRESSIVE;
				GCC_WARN_UNUSED_FUNCTION = YES;
				GCC_WARN_UNUSED_VARIABLE = YES;
				IPHONEOS_DEPLOYMENT_TARGET = 11.3;
				MTL_ENABLE_DEBUG_INFO = NO;
				SDKROOT = iphoneos;
				SWIFT_COMPILATION_MODE = wholemodule;
				SWIFT_OPTIMIZATION_LEVEL = "-O";
				VALIDATE_PRODUCT = YES;
			};
			name = Release;
		};
		F1B207CE20B57E21004343A0 /* Debug */ = {
			isa = XCBuildConfiguration;
			buildSettings = {
				ASSETCATALOG_COMPILER_APPICON_NAME = AppIcon;
				CODE_SIGN_STYLE = Automatic;
				DEVELOPMENT_TEAM = 7G25EJ53LG;
				INFOPLIST_FILE = YNAB/Info.plist;
				LD_RUNPATH_SEARCH_PATHS = (
					"$(inherited)",
					"@executable_path/Frameworks",
				);
				PRODUCT_BUNDLE_IDENTIFIER = adambowles.YNAB;
				PRODUCT_NAME = "$(TARGET_NAME)";
				SWIFT_VERSION = 4.0;
				TARGETED_DEVICE_FAMILY = "1,2";
			};
			name = Debug;
		};
		F1B207CF20B57E21004343A0 /* Release */ = {
			isa = XCBuildConfiguration;
			buildSettings = {
				ASSETCATALOG_COMPILER_APPICON_NAME = AppIcon;
				CODE_SIGN_STYLE = Automatic;
				DEVELOPMENT_TEAM = 7G25EJ53LG;
				INFOPLIST_FILE = YNAB/Info.plist;
				LD_RUNPATH_SEARCH_PATHS = (
					"$(inherited)",
					"@executable_path/Frameworks",
				);
				PRODUCT_BUNDLE_IDENTIFIER = adambowles.YNAB;
				PRODUCT_NAME = "$(TARGET_NAME)";
				SWIFT_VERSION = 4.0;
				TARGETED_DEVICE_FAMILY = "1,2";
			};
			name = Release;
		};
		F1B207D120B57E21004343A0 /* Debug */ = {
			isa = XCBuildConfiguration;
			buildSettings = {
				ALWAYS_EMBED_SWIFT_STANDARD_LIBRARIES = YES;
				BUNDLE_LOADER = "$(TEST_HOST)";
				CODE_SIGN_STYLE = Automatic;
				DEVELOPMENT_TEAM = 7G25EJ53LG;
				INFOPLIST_FILE = YNABTests/Info.plist;
				LD_RUNPATH_SEARCH_PATHS = (
					"$(inherited)",
					"@executable_path/Frameworks",
					"@loader_path/Frameworks",
				);
				PRODUCT_BUNDLE_IDENTIFIER = adambowles.YNABTests;
				PRODUCT_NAME = "$(TARGET_NAME)";
				SWIFT_VERSION = 4.0;
				TARGETED_DEVICE_FAMILY = "1,2";
				TEST_HOST = "$(BUILT_PRODUCTS_DIR)/YNAB.app/YNAB";
			};
			name = Debug;
		};
		F1B207D220B57E21004343A0 /* Release */ = {
			isa = XCBuildConfiguration;
			buildSettings = {
				ALWAYS_EMBED_SWIFT_STANDARD_LIBRARIES = YES;
				BUNDLE_LOADER = "$(TEST_HOST)";
				CODE_SIGN_STYLE = Automatic;
				DEVELOPMENT_TEAM = 7G25EJ53LG;
				INFOPLIST_FILE = YNABTests/Info.plist;
				LD_RUNPATH_SEARCH_PATHS = (
					"$(inherited)",
					"@executable_path/Frameworks",
					"@loader_path/Frameworks",
				);
				PRODUCT_BUNDLE_IDENTIFIER = adambowles.YNABTests;
				PRODUCT_NAME = "$(TARGET_NAME)";
				SWIFT_VERSION = 4.0;
				TARGETED_DEVICE_FAMILY = "1,2";
				TEST_HOST = "$(BUILT_PRODUCTS_DIR)/YNAB.app/YNAB";
			};
			name = Release;
		};
		F1B207D420B57E21004343A0 /* Debug */ = {
			isa = XCBuildConfiguration;
			buildSettings = {
				ALWAYS_EMBED_SWIFT_STANDARD_LIBRARIES = YES;
				CODE_SIGN_STYLE = Automatic;
				DEVELOPMENT_TEAM = 7G25EJ53LG;
				INFOPLIST_FILE = YNABUITests/Info.plist;
				LD_RUNPATH_SEARCH_PATHS = (
					"$(inherited)",
					"@executable_path/Frameworks",
					"@loader_path/Frameworks",
				);
				PRODUCT_BUNDLE_IDENTIFIER = adambowles.YNABUITests;
				PRODUCT_NAME = "$(TARGET_NAME)";
				SWIFT_VERSION = 4.0;
				TARGETED_DEVICE_FAMILY = "1,2";
				TEST_TARGET_NAME = YNAB;
			};
			name = Debug;
		};
		F1B207D520B57E21004343A0 /* Release */ = {
			isa = XCBuildConfiguration;
			buildSettings = {
				ALWAYS_EMBED_SWIFT_STANDARD_LIBRARIES = YES;
				CODE_SIGN_STYLE = Automatic;
				DEVELOPMENT_TEAM = 7G25EJ53LG;
				INFOPLIST_FILE = YNABUITests/Info.plist;
				LD_RUNPATH_SEARCH_PATHS = (
					"$(inherited)",
					"@executable_path/Frameworks",
					"@loader_path/Frameworks",
				);
				PRODUCT_BUNDLE_IDENTIFIER = adambowles.YNABUITests;
				PRODUCT_NAME = "$(TARGET_NAME)";
				SWIFT_VERSION = 4.0;
				TARGETED_DEVICE_FAMILY = "1,2";
				TEST_TARGET_NAME = YNAB;
			};
			name = Release;
		};
/* End XCBuildConfiguration section */

/* Begin XCConfigurationList section */
		F1B207A020B57E1E004343A0 /* Build configuration list for PBXProject "YNAB" */ = {
			isa = XCConfigurationList;
			buildConfigurations = (
				F1B207CB20B57E21004343A0 /* Debug */,
				F1B207CC20B57E21004343A0 /* Release */,
			);
			defaultConfigurationIsVisible = 0;
			defaultConfigurationName = Release;
		};
		F1B207CD20B57E21004343A0 /* Build configuration list for PBXNativeTarget "YNAB" */ = {
			isa = XCConfigurationList;
			buildConfigurations = (
				F1B207CE20B57E21004343A0 /* Debug */,
				F1B207CF20B57E21004343A0 /* Release */,
			);
			defaultConfigurationIsVisible = 0;
			defaultConfigurationName = Release;
		};
		F1B207D020B57E21004343A0 /* Build configuration list for PBXNativeTarget "YNABTests" */ = {
			isa = XCConfigurationList;
			buildConfigurations = (
				F1B207D120B57E21004343A0 /* Debug */,
				F1B207D220B57E21004343A0 /* Release */,
			);
			defaultConfigurationIsVisible = 0;
			defaultConfigurationName = Release;
		};
		F1B207D320B57E21004343A0 /* Build configuration list for PBXNativeTarget "YNABUITests" */ = {
			isa = XCConfigurationList;
			buildConfigurations = (
				F1B207D420B57E21004343A0 /* Debug */,
				F1B207D520B57E21004343A0 /* Release */,
			);
			defaultConfigurationIsVisible = 0;
			defaultConfigurationName = Release;
		};
/* End XCConfigurationList section */
	};
	rootObject = F1B2079D20B57E1E004343A0 /* Project object */;
}
